
Microsoft Visual Studio Solution File, Format Version 12.00
# Visual Studio Version 17
VisualStudioVersion = 17.6.33829.357
MinimumVisualStudioVersion = 10.0.40219.1
Project("{FAE04EC0-301F-11D3-BF4B-00C04F79EFBC}") = "desing_for_Konstantin", "desing_for_Konstantin\desing_for_Konstantin.csproj", "{441539BC-CE0E-409E-8C8C-893E13ED8228}"
EndProject
Global
	GlobalSection(SolutionConfigurationPlatforms) = preSolution
		Debug|Any CPU = Debug|Any CPU
		Release|Any CPU = Release|Any CPU
	EndGlobalSection
	GlobalSection(ProjectConfigurationPlatforms) = postSolution
		{441539BC-CE0E-409E-8C8C-893E13ED8228}.Debug|Any CPU.ActiveCfg = Debug|Any CPU
		{441539BC-CE0E-409E-8C8C-893E13ED8228}.Debug|Any CPU.Build.0 = Debug|Any CPU
		{441539BC-CE0E-409E-8C8C-893E13ED8228}.Release|Any CPU.ActiveCfg = Release|Any CPU
		{441539BC-CE0E-409E-8C8C-893E13ED8228}.Release|Any CPU.Build.0 = Release|Any CPU
	EndGlobalSection
	GlobalSection(SolutionProperties) = preSolution
		HideSolutionNode = FALSE
	EndGlobalSection
	GlobalSection(ExtensibilityGlobals) = postSolution
		SolutionGuid = {CD259551-F845-4C92-B2F4-73EEE5E73709}
	EndGlobalSection
EndGlobal
